
Microsoft Visual Studio Solution File, Format Version 12.00
# Visual Studio Version 16
VisualStudioVersion = 16.0.31005.135
MinimumVisualStudioVersion = 10.0.40219.1
Project("{FAE04EC0-301F-11D3-BF4B-00C04F79EFBC}") = "iLoveYou", "iLoveYou\iLoveYou.csproj", "{596BF370-EDF3-4C20-9D92-15AF1EEA9545}"
EndProject
Global
	GlobalSection(SolutionConfigurationPlatforms) = preSolution
		Debug|Any CPU = Debug|Any CPU
		Release|Any CPU = Release|Any CPU
	EndGlobalSection
	GlobalSection(ProjectConfigurationPlatforms) = postSolution
		{596BF370-EDF3-4C20-9D92-15AF1EEA9545}.Debug|Any CPU.ActiveCfg = Debug|Any CPU
		{596BF370-EDF3-4C20-9D92-15AF1EEA9545}.Debug|Any CPU.Build.0 = Debug|Any CPU
		{596BF370-EDF3-4C20-9D92-15AF1EEA9545}.Release|Any CPU.ActiveCfg = Release|Any CPU
		{596BF370-EDF3-4C20-9D92-15AF1EEA9545}.Release|Any CPU.Build.0 = Release|Any CPU
	EndGlobalSection
	GlobalSection(SolutionProperties) = preSolution
		HideSolutionNode = FALSE
	EndGlobalSection
	GlobalSection(ExtensibilityGlobals) = postSolution
		SolutionGuid = {AB8E8E74-513B-4F8B-827B-2F0BB4ED6D39}
	EndGlobalSection
EndGlobal
